
Microsoft Visual Studio Solution File, Format Version 12.00
# Visual Studio Version 17
VisualStudioVersion = 17.2.32505.173
MinimumVisualStudioVersion = 10.0.40219.1
Project("{FAE04EC0-301F-11D3-BF4B-00C04F79EFBC}") = "ConcesionariaSPA", "ConcesionariaSPA\ConcesionariaSPA.csproj", "{E5C6512D-C419-4D5C-8E52-FF2B54FF8039}"
EndProject
Global
	GlobalSection(SolutionConfigurationPlatforms) = preSolution
		Debug|Any CPU = Debug|Any CPU
		Release|Any CPU = Release|Any CPU
	EndGlobalSection
	GlobalSection(ProjectConfigurationPlatforms) = postSolution
		{E5C6512D-C419-4D5C-8E52-FF2B54FF8039}.Debug|Any CPU.ActiveCfg = Debug|Any CPU
		{E5C6512D-C419-4D5C-8E52-FF2B54FF8039}.Debug|Any CPU.Build.0 = Debug|Any CPU
		{E5C6512D-C419-4D5C-8E52-FF2B54FF8039}.Release|Any CPU.ActiveCfg = Release|Any CPU
		{E5C6512D-C419-4D5C-8E52-FF2B54FF8039}.Release|Any CPU.Build.0 = Release|Any CPU
	EndGlobalSection
	GlobalSection(SolutionProperties) = preSolution
		HideSolutionNode = FALSE
	EndGlobalSection
	GlobalSection(ExtensibilityGlobals) = postSolution
		SolutionGuid = {01267899-F754-4830-971E-294C48B393F8}
	EndGlobalSection
EndGlobal
