
Microsoft Visual Studio Solution File, Format Version 12.00
# Visual Studio Version 17
VisualStudioVersion = 17.2.32505.173
MinimumVisualStudioVersion = 10.0.40219.1
Project("{FAE04EC0-301F-11D3-BF4B-00C04F79EFBC}") = "KioscoMF", "KioscoMF\KioscoMF.csproj", "{4638D287-D04A-4E5B-951C-0CDD539345C1}"
EndProject
Global
	GlobalSection(SolutionConfigurationPlatforms) = preSolution
		Debug|Any CPU = Debug|Any CPU
		Release|Any CPU = Release|Any CPU
	EndGlobalSection
	GlobalSection(ProjectConfigurationPlatforms) = postSolution
		{4638D287-D04A-4E5B-951C-0CDD539345C1}.Debug|Any CPU.ActiveCfg = Debug|Any CPU
		{4638D287-D04A-4E5B-951C-0CDD539345C1}.Debug|Any CPU.Build.0 = Debug|Any CPU
		{4638D287-D04A-4E5B-951C-0CDD539345C1}.Release|Any CPU.ActiveCfg = Release|Any CPU
		{4638D287-D04A-4E5B-951C-0CDD539345C1}.Release|Any CPU.Build.0 = Release|Any CPU
	EndGlobalSection
	GlobalSection(SolutionProperties) = preSolution
		HideSolutionNode = FALSE
	EndGlobalSection
	GlobalSection(ExtensibilityGlobals) = postSolution
		SolutionGuid = {CAEC290F-EB31-4209-B545-FC90065A47F6}
	EndGlobalSection
EndGlobal
