
Microsoft Visual Studio Solution File, Format Version 12.00
# Visual Studio Version 17
VisualStudioVersion = 17.1.32421.90
MinimumVisualStudioVersion = 10.0.40219.1
Project("{FAE04EC0-301F-11D3-BF4B-00C04F79EFBC}") = "ClaseProfesor", "ClaseProfesor\ClaseProfesor.csproj", "{FFA11B44-1AAE-442A-8590-83A662FA26C9}"
EndProject
Global
	GlobalSection(SolutionConfigurationPlatforms) = preSolution
		Debug|Any CPU = Debug|Any CPU
		Release|Any CPU = Release|Any CPU
	EndGlobalSection
	GlobalSection(ProjectConfigurationPlatforms) = postSolution
		{FFA11B44-1AAE-442A-8590-83A662FA26C9}.Debug|Any CPU.ActiveCfg = Debug|Any CPU
		{FFA11B44-1AAE-442A-8590-83A662FA26C9}.Debug|Any CPU.Build.0 = Debug|Any CPU
		{FFA11B44-1AAE-442A-8590-83A662FA26C9}.Release|Any CPU.ActiveCfg = Release|Any CPU
		{FFA11B44-1AAE-442A-8590-83A662FA26C9}.Release|Any CPU.Build.0 = Release|Any CPU
	EndGlobalSection
	GlobalSection(SolutionProperties) = preSolution
		HideSolutionNode = FALSE
	EndGlobalSection
	GlobalSection(ExtensibilityGlobals) = postSolution
		SolutionGuid = {FB923726-91D8-4548-8B43-4EBE0776491E}
	EndGlobalSection
EndGlobal
