
Microsoft Visual Studio Solution File, Format Version 12.00
# Visual Studio Version 17
VisualStudioVersion = 17.1.32421.90
MinimumVisualStudioVersion = 10.0.40219.1
Project("{FAE04EC0-301F-11D3-BF4B-00C04F79EFBC}") = "EstructuraControl", "EstructuraControl\EstructuraControl.csproj", "{B9323BED-4264-40FB-A61A-7FC62791EB6F}"
EndProject
Global
	GlobalSection(SolutionConfigurationPlatforms) = preSolution
		Debug|Any CPU = Debug|Any CPU
		Release|Any CPU = Release|Any CPU
	EndGlobalSection
	GlobalSection(ProjectConfigurationPlatforms) = postSolution
		{B9323BED-4264-40FB-A61A-7FC62791EB6F}.Debug|Any CPU.ActiveCfg = Debug|Any CPU
		{B9323BED-4264-40FB-A61A-7FC62791EB6F}.Debug|Any CPU.Build.0 = Debug|Any CPU
		{B9323BED-4264-40FB-A61A-7FC62791EB6F}.Release|Any CPU.ActiveCfg = Release|Any CPU
		{B9323BED-4264-40FB-A61A-7FC62791EB6F}.Release|Any CPU.Build.0 = Release|Any CPU
	EndGlobalSection
	GlobalSection(SolutionProperties) = preSolution
		HideSolutionNode = FALSE
	EndGlobalSection
	GlobalSection(ExtensibilityGlobals) = postSolution
		SolutionGuid = {ACC44519-02C0-480E-BFA5-CF433AAA1DF9}
	EndGlobalSection
EndGlobal
