
Microsoft Visual Studio Solution File, Format Version 12.00
# Visual Studio Version 17
VisualStudioVersion = 17.1.32421.90
MinimumVisualStudioVersion = 10.0.40219.1
Project("{FAE04EC0-301F-11D3-BF4B-00C04F79EFBC}") = "EjercicioPropuesto", "EjercicioPropuesto\EjercicioPropuesto.csproj", "{F56554C6-099E-4D77-BA24-748C0D0DB56D}"
EndProject
Global
	GlobalSection(SolutionConfigurationPlatforms) = preSolution
		Debug|Any CPU = Debug|Any CPU
		Release|Any CPU = Release|Any CPU
	EndGlobalSection
	GlobalSection(ProjectConfigurationPlatforms) = postSolution
		{F56554C6-099E-4D77-BA24-748C0D0DB56D}.Debug|Any CPU.ActiveCfg = Debug|Any CPU
		{F56554C6-099E-4D77-BA24-748C0D0DB56D}.Debug|Any CPU.Build.0 = Debug|Any CPU
		{F56554C6-099E-4D77-BA24-748C0D0DB56D}.Release|Any CPU.ActiveCfg = Release|Any CPU
		{F56554C6-099E-4D77-BA24-748C0D0DB56D}.Release|Any CPU.Build.0 = Release|Any CPU
	EndGlobalSection
	GlobalSection(SolutionProperties) = preSolution
		HideSolutionNode = FALSE
	EndGlobalSection
	GlobalSection(ExtensibilityGlobals) = postSolution
		SolutionGuid = {E4751A54-B3AF-42B6-9C70-A2F0C02491CC}
	EndGlobalSection
EndGlobal
