
Microsoft Visual Studio Solution File, Format Version 12.00
# Visual Studio Version 17
VisualStudioVersion = 17.1.32421.90
MinimumVisualStudioVersion = 10.0.40219.1
Project("{FAE04EC0-301F-11D3-BF4B-00C04F79EFBC}") = "DesignPatern", "DesignPatern\DesignPatern.csproj", "{B7B27194-1B55-43D8-BA13-4AA5D216E4AD}"
EndProject
Global
	GlobalSection(SolutionConfigurationPlatforms) = preSolution
		Debug|Any CPU = Debug|Any CPU
		Release|Any CPU = Release|Any CPU
	EndGlobalSection
	GlobalSection(ProjectConfigurationPlatforms) = postSolution
		{B7B27194-1B55-43D8-BA13-4AA5D216E4AD}.Debug|Any CPU.ActiveCfg = Debug|Any CPU
		{B7B27194-1B55-43D8-BA13-4AA5D216E4AD}.Debug|Any CPU.Build.0 = Debug|Any CPU
		{B7B27194-1B55-43D8-BA13-4AA5D216E4AD}.Release|Any CPU.ActiveCfg = Release|Any CPU
		{B7B27194-1B55-43D8-BA13-4AA5D216E4AD}.Release|Any CPU.Build.0 = Release|Any CPU
	EndGlobalSection
	GlobalSection(SolutionProperties) = preSolution
		HideSolutionNode = FALSE
	EndGlobalSection
	GlobalSection(ExtensibilityGlobals) = postSolution
		SolutionGuid = {BE4C74C6-E7DC-447A-B709-C3531C123DEC}
	EndGlobalSection
EndGlobal
